// !$*UTF8*$!
{
	archiveVersion = 1;
	classes = {
	};
	objectVersion = 56;
	objects = {

/* Begin PBXBuildFile section */
		D67F51DF2CC9784E0016D631 /* AppDelegate.swift in Sources */ = {isa = PBXBuildFile; fileRef = D67F51DE2CC9784E0016D631 /* AppDelegate.swift */; };
		D67F51E12CC9784E0016D631 /* SceneDelegate.swift in Sources */ = {isa = PBXBuildFile; fileRef = D67F51E02CC9784E0016D631 /* SceneDelegate.swift */; };
		D67F51E32CC9784E0016D631 /* ViewController.swift in Sources */ = {isa = PBXBuildFile; fileRef = D67F51E22CC9784E0016D631 /* ViewController.swift */; };
		D67F51E62CC9784E0016D631 /* Base in Resources */ = {isa = PBXBuildFile; fileRef = D67F51E52CC9784E0016D631 /* Base */; };
		D67F51E82CC9784F0016D631 /* Assets.xcassets in Resources */ = {isa = PBXBuildFile; fileRef = D67F51E72CC9784F0016D631 /* Assets.xcassets */; };
		D67F51EB2CC9784F0016D631 /* Base in Resources */ = {isa = PBXBuildFile; fileRef = D67F51EA2CC9784F0016D631 /* Base */; };
		D67F51F62CC978500016D631 /* QuestionBotAppTests.swift in Sources */ = {isa = PBXBuildFile; fileRef = D67F51F52CC978500016D631 /* QuestionBotAppTests.swift */; };
		D67F52002CC978500016D631 /* QuestionBotAppUITests.swift in Sources */ = {isa = PBXBuildFile; fileRef = D67F51FF2CC978500016D631 /* QuestionBotAppUITests.swift */; };
		D67F52022CC978500016D631 /* QuestionBotAppUITestsLaunchTests.swift in Sources */ = {isa = PBXBuildFile; fileRef = D67F52012CC978500016D631 /* QuestionBotAppUITestsLaunchTests.swift */; };
/* End PBXBuildFile section */

/* Begin PBXContainerItemProxy section */
		D67F51F22CC978500016D631 /* PBXContainerItemProxy */ = {
			isa = PBXContainerItemProxy;
			containerPortal = D67F51D32CC9784E0016D631 /* Project object */;
			proxyType = 1;
			remoteGlobalIDString = D67F51DA2CC9784E0016D631;
			remoteInfo = QuestionBotApp;
		};
		D67F51FC2CC978500016D631 /* PBXContainerItemProxy */ = {
			isa = PBXContainerItemProxy;
			containerPortal = D67F51D32CC9784E0016D631 /* Project object */;
			proxyType = 1;
			remoteGlobalIDString = D67F51DA2CC9784E0016D631;
			remoteInfo = QuestionBotApp;
		};
/* End PBXContainerItemProxy section */

/* Begin PBXFileReference section */
		D67F51DB2CC9784E0016D631 /* QuestionBotApp.app */ = {isa = PBXFileReference; explicitFileType = wrapper.application; includeInIndex = 0; path = QuestionBotApp.app; sourceTree = BUILT_PRODUCTS_DIR; };
		D67F51DE2CC9784E0016D631 /* AppDelegate.swift */ = {isa = PBXFileReference; lastKnownFileType = sourcecode.swift; path = AppDelegate.swift; sourceTree = "<group>"; };
		D67F51E02CC9784E0016D631 /* SceneDelegate.swift */ = {isa = PBXFileReference; lastKnownFileType = sourcecode.swift; path = SceneDelegate.swift; sourceTree = "<group>"; };
		D67F51E22CC9784E0016D631 /* ViewController.swift */ = {isa = PBXFileReference; lastKnownFileType = sourcecode.swift; path = ViewController.swift; sourceTree = "<group>"; };
		D67F51E52CC9784E0016D631 /* Base */ = {isa = PBXFileReference; lastKnownFileType = file.storyboard; name = Base; path = Base.lproj/Main.storyboard; sourceTree = "<group>"; };
		D67F51E72CC9784F0016D631 /* Assets.xcassets */ = {isa = PBXFileReference; lastKnownFileType = folder.assetcatalog; path = Assets.xcassets; sourceTree = "<group>"; };
		D67F51EA2CC9784F0016D631 /* Base */ = {isa = PBXFileReference; lastKnownFileType = file.storyboard; name = Base; path = Base.lproj/LaunchScreen.storyboard; sourceTree = "<group>"; };
		D67F51EC2CC9784F0016D631 /* Info.plist */ = {isa = PBXFileReference; lastKnownFileType = text.plist.xml; path = Info.plist; sourceTree = "<group>"; };
		D67F51F12CC978500016D631 /* QuestionBotAppTests.xctest */ = {isa = PBXFileReference; explicitFileType = wrapper.cfbundle; includeInIndex = 0; path = QuestionBotAppTests.xctest; sourceTree = BUILT_PRODUCTS_DIR; };
		D67F51F52CC978500016D631 /* QuestionBotAppTests.swift */ = {isa = PBXFileReference; lastKnownFileType = sourcecode.swift; path = QuestionBotAppTests.swift; sourceTree = "<group>"; };
		D67F51FB2CC978500016D631 /* QuestionBotAppUITests.xctest */ = {isa = PBXFileReference; explicitFileType = wrapper.cfbundle; includeInIndex = 0; path = QuestionBotAppUITests.xctest; sourceTree = BUILT_PRODUCTS_DIR; };
		D67F51FF2CC978500016D631 /* QuestionBotAppUITests.swift */ = {isa = PBXFileReference; lastKnownFileType = sourcecode.swift; path = QuestionBotAppUITests.swift; sourceTree = "<group>"; };
		D67F52012CC978500016D631 /* QuestionBotAppUITestsLaunchTests.swift */ = {isa = PBXFileReference; lastKnownFileType = sourcecode.swift; path = QuestionBotAppUITestsLaunchTests.swift; sourceTree = "<group>"; };
/* End PBXFileReference section */

/* Begin PBXFrameworksBuildPhase section */
		D67F51D82CC9784E0016D631 /* Frameworks */ = {
			isa = PBXFrameworksBuildPhase;
			buildActionMask = 2147483647;
			files = (
			);
			runOnlyForDeploymentPostprocessing = 0;
		};
		D67F51EE2CC978500016D631 /* Frameworks */ = {
			isa = PBXFrameworksBuildPhase;
			buildActionMask = 2147483647;
			files = (
			);
			runOnlyForDeploymentPostprocessing = 0;
		};
		D67F51F82CC978500016D631 /* Frameworks */ = {
			isa = PBXFrameworksBuildPhase;
			buildActionMask = 2147483647;
			files = (
			);
			runOnlyForDeploymentPostprocessing = 0;
		};
/* End PBXFrameworksBuildPhase section */

/* Begin PBXGroup section */
		D67F51D22CC9784E0016D631 = {
			isa = PBXGroup;
			children = (
				D67F51DD2CC9784E0016D631 /* QuestionBotApp */,
				D67F51F42CC978500016D631 /* QuestionBotAppTests */,
				D67F51FE2CC978500016D631 /* QuestionBotAppUITests */,
				D67F51DC2CC9784E0016D631 /* Products */,
			);
			sourceTree = "<group>";
		};
		D67F51DC2CC9784E0016D631 /* Products */ = {
			isa = PBXGroup;
			children = (
				D67F51DB2CC9784E0016D631 /* QuestionBotApp.app */,
				D67F51F12CC978500016D631 /* QuestionBotAppTests.xctest */,
				D67F51FB2CC978500016D631 /* QuestionBotAppUITests.xctest */,
			);
			name = Products;
			sourceTree = "<group>";
		};
		D67F51DD2CC9784E0016D631 /* QuestionBotApp */ = {
			isa = PBXGroup;
			children = (
				D67F51DE2CC9784E0016D631 /* AppDelegate.swift */,
				D67F51E02CC9784E0016D631 /* SceneDelegate.swift */,
				D67F51E22CC9784E0016D631 /* ViewController.swift */,
				D67F51E42CC9784E0016D631 /* Main.storyboard */,
				D67F51E72CC9784F0016D631 /* Assets.xcassets */,
				D67F51E92CC9784F0016D631 /* LaunchScreen.storyboard */,
				D67F51EC2CC9784F0016D631 /* Info.plist */,
			);
			path = QuestionBotApp;
			sourceTree = "<group>";
		};
		D67F51F42CC978500016D631 /* QuestionBotAppTests */ = {
			isa = PBXGroup;
			children = (
				D67F51F52CC978500016D631 /* QuestionBotAppTests.swift */,
			);
			path = QuestionBotAppTests;
			sourceTree = "<group>";
		};
		D67F51FE2CC978500016D631 /* QuestionBotAppUITests */ = {
			isa = PBXGroup;
			children = (
				D67F51FF2CC978500016D631 /* QuestionBotAppUITests.swift */,
				D67F52012CC978500016D631 /* QuestionBotAppUITestsLaunchTests.swift */,
			);
			path = QuestionBotAppUITests;
			sourceTree = "<group>";
		};
/* End PBXGroup section */

/* Begin PBXNativeTarget section */
		D67F51DA2CC9784E0016D631 /* QuestionBotApp */ = {
			isa = PBXNativeTarget;
			buildConfigurationList = D67F52052CC978500016D631 /* Build configuration list for PBXNativeTarget "QuestionBotApp" */;
			buildPhases = (
				D67F51D72CC9784E0016D631 /* Sources */,
				D67F51D82CC9784E0016D631 /* Frameworks */,
				D67F51D92CC9784E0016D631 /* Resources */,
			);
			buildRules = (
			);
			dependencies = (
			);
			name = QuestionBotApp;
			productName = QuestionBotApp;
			productReference = D67F51DB2CC9784E0016D631 /* QuestionBotApp.app */;
			productType = "com.apple.product-type.application";
		};
		D67F51F02CC978500016D631 /* QuestionBotAppTests */ = {
			isa = PBXNativeTarget;
			buildConfigurationList = D67F52082CC978500016D631 /* Build configuration list for PBXNativeTarget "QuestionBotAppTests" */;
			buildPhases = (
				D67F51ED2CC978500016D631 /* Sources */,
				D67F51EE2CC978500016D631 /* Frameworks */,
				D67F51EF2CC978500016D631 /* Resources */,
			);
			buildRules = (
			);
			dependencies = (
				D67F51F32CC978500016D631 /* PBXTargetDependency */,
			);
			name = QuestionBotAppTests;
			productName = QuestionBotAppTests;
			productReference = D67F51F12CC978500016D631 /* QuestionBotAppTests.xctest */;
			productType = "com.apple.product-type.bundle.unit-test";
		};
		D67F51FA2CC978500016D631 /* QuestionBotAppUITests */ = {
			isa = PBXNativeTarget;
			buildConfigurationList = D67F520B2CC978500016D631 /* Build configuration list for PBXNativeTarget "QuestionBotAppUITests" */;
			buildPhases = (
				D67F51F72CC978500016D631 /* Sources */,
				D67F51F82CC978500016D631 /* Frameworks */,
				D67F51F92CC978500016D631 /* Resources */,
			);
			buildRules = (
			);
			dependencies = (
				D67F51FD2CC978500016D631 /* PBXTargetDependency */,
			);
			name = QuestionBotAppUITests;
			productName = QuestionBotAppUITests;
			productReference = D67F51FB2CC978500016D631 /* QuestionBotAppUITests.xctest */;
			productType = "com.apple.product-type.bundle.ui-testing";
		};
/* End PBXNativeTarget section */

/* Begin PBXProject section */
		D67F51D32CC9784E0016D631 /* Project object */ = {
			isa = PBXProject;
			attributes = {
				BuildIndependentTargetsInParallel = 1;
				LastSwiftUpdateCheck = 1540;
				LastUpgradeCheck = 1540;
				TargetAttributes = {
					D67F51DA2CC9784E0016D631 = {
						CreatedOnToolsVersion = 15.4;
					};
					D67F51F02CC978500016D631 = {
						CreatedOnToolsVersion = 15.4;
						TestTargetID = D67F51DA2CC9784E0016D631;
					};
					D67F51FA2CC978500016D631 = {
						CreatedOnToolsVersion = 15.4;
						TestTargetID = D67F51DA2CC9784E0016D631;
					};
				};
			};
			buildConfigurationList = D67F51D62CC9784E0016D631 /* Build configuration list for PBXProject "QuestionBotApp" */;
			compatibilityVersion = "Xcode 14.0";
			developmentRegion = en;
			hasScannedForEncodings = 0;
			knownRegions = (
				en,
				Base,
			);
			mainGroup = D67F51D22CC9784E0016D631;
			productRefGroup = D67F51DC2CC9784E0016D631 /* Products */;
			projectDirPath = "";
			projectRoot = "";
			targets = (
				D67F51DA2CC9784E0016D631 /* QuestionBotApp */,
				D67F51F02CC978500016D631 /* QuestionBotAppTests */,
				D67F51FA2CC978500016D631 /* QuestionBotAppUITests */,
			);
		};
/* End PBXProject section */

/* Begin PBXResourcesBuildPhase section */
		D67F51D92CC9784E0016D631 /* Resources */ = {
			isa = PBXResourcesBuildPhase;
			buildActionMask = 2147483647;
			files = (
				D67F51E82CC9784F0016D631 /* Assets.xcassets in Resources */,
				D67F51EB2CC9784F0016D631 /* Base in Resources */,
				D67F51E62CC9784E0016D631 /* Base in Resources */,
			);
			runOnlyForDeploymentPostprocessing = 0;
		};
		D67F51EF2CC978500016D631 /* Resources */ = {
			isa = PBXResourcesBuildPhase;
			buildActionMask = 2147483647;
			files = (
			);
			runOnlyForDeploymentPostprocessing = 0;
		};
		D67F51F92CC978500016D631 /* Resources */ = {
			isa = PBXResourcesBuildPhase;
			buildActionMask = 2147483647;
			files = (
			);
			runOnlyForDeploymentPostprocessing = 0;
		};
/* End PBXResourcesBuildPhase section */

/* Begin PBXSourcesBuildPhase section */
		D67F51D72CC9784E0016D631 /* Sources */ = {
			isa = PBXSourcesBuildPhase;
			buildActionMask = 2147483647;
			files = (
				D67F51E32CC9784E0016D631 /* ViewController.swift in Sources */,
				D67F51DF2CC9784E0016D631 /* AppDelegate.swift in Sources */,
				D67F51E12CC9784E0016D631 /* SceneDelegate.swift in Sources */,
			);
			runOnlyForDeploymentPostprocessing = 0;
		};
		D67F51ED2CC978500016D631 /* Sources */ = {
			isa = PBXSourcesBuildPhase;
			buildActionMask = 2147483647;
			files = (
				D67F51F62CC978500016D631 /* QuestionBotAppTests.swift in Sources */,
			);
			runOnlyForDeploymentPostprocessing = 0;
		};
		D67F51F72CC978500016D631 /* Sources */ = {
			isa = PBXSourcesBuildPhase;
			buildActionMask = 2147483647;
			files = (
				D67F52022CC978500016D631 /* QuestionBotAppUITestsLaunchTests.swift in Sources */,
				D67F52002CC978500016D631 /* QuestionBotAppUITests.swift in Sources */,
			);
			runOnlyForDeploymentPostprocessing = 0;
		};
/* End PBXSourcesBuildPhase section */

/* Begin PBXTargetDependency section */
		D67F51F32CC978500016D631 /* PBXTargetDependency */ = {
			isa = PBXTargetDependency;
			target = D67F51DA2CC9784E0016D631 /* QuestionBotApp */;
			targetProxy = D67F51F22CC978500016D631 /* PBXContainerItemProxy */;
		};
		D67F51FD2CC978500016D631 /* PBXTargetDependency */ = {
			isa = PBXTargetDependency;
			target = D67F51DA2CC9784E0016D631 /* QuestionBotApp */;
			targetProxy = D67F51FC2CC978500016D631 /* PBXContainerItemProxy */;
		};
/* End PBXTargetDependency section */

/* Begin PBXVariantGroup section */
		D67F51E42CC9784E0016D631 /* Main.storyboard */ = {
			isa = PBXVariantGroup;
			children = (
				D67F51E52CC9784E0016D631 /* Base */,
			);
			name = Main.storyboard;
			sourceTree = "<group>";
		};
		D67F51E92CC9784F0016D631 /* LaunchScreen.storyboard */ = {
			isa = PBXVariantGroup;
			children = (
				D67F51EA2CC9784F0016D631 /* Base */,
			);
			name = LaunchScreen.storyboard;
			sourceTree = "<group>";
		};
/* End PBXVariantGroup section */

/* Begin XCBuildConfiguration section */
		D67F52032CC978500016D631 /* Debug */ = {
			isa = XCBuildConfiguration;
			buildSettings = {
				ALWAYS_SEARCH_USER_PATHS = NO;
				ASSETCATALOG_COMPILER_GENERATE_SWIFT_ASSET_SYMBOL_EXTENSIONS = YES;
				CLANG_ANALYZER_NONNULL = YES;
				CLANG_ANALYZER_NUMBER_OBJECT_CONVERSION = YES_AGGRESSIVE;
				CLANG_CXX_LANGUAGE_STANDARD = "gnu++20";
				CLANG_ENABLE_MODULES = YES;
				CLANG_ENABLE_OBJC_ARC = YES;
				CLANG_ENABLE_OBJC_WEAK = YES;
				CLANG_WARN_BLOCK_CAPTURE_AUTORELEASING = YES;
				CLANG_WARN_BOOL_CONVERSION = YES;
				CLANG_WARN_COMMA = YES;
				CLANG_WARN_CONSTANT_CONVERSION = YES;
				CLANG_WARN_DEPRECATED_OBJC_IMPLEMENTATIONS = YES;
				CLANG_WARN_DIRECT_OBJC_ISA_USAGE = YES_ERROR;
				CLANG_WARN_DOCUMENTATION_COMMENTS = YES;
				CLANG_WARN_EMPTY_BODY = YES;
				CLANG_WARN_ENUM_CONVERSION = YES;
				CLANG_WARN_INFINITE_RECURSION = YES;
				CLANG_WARN_INT_CONVERSION = YES;
				CLANG_WARN_NON_LITERAL_NULL_CONVERSION = YES;
				CLANG_WARN_OBJC_IMPLICIT_RETAIN_SELF = YES;
				CLANG_WARN_OBJC_LITERAL_CONVERSION = YES;
				CLANG_WARN_OBJC_ROOT_CLASS = YES_ERROR;
				CLANG_WARN_QUOTED_INCLUDE_IN_FRAMEWORK_HEADER = YES;
				CLANG_WARN_RANGE_LOOP_ANALYSIS = YES;
				CLANG_WARN_STRICT_PROTOTYPES = YES;
				CLANG_WARN_SUSPICIOUS_MOVE = YES;
				CLANG_WARN_UNGUARDED_AVAILABILITY = YES_AGGRESSIVE;
				CLANG_WARN_UNREACHABLE_CODE = YES;
				CLANG_WARN__DUPLICATE_METHOD_MATCH = YES;
				COPY_PHASE_STRIP = NO;
				DEBUG_INFORMATION_FORMAT = dwarf;
				ENABLE_STRICT_OBJC_MSGSEND = YES;
				ENABLE_TESTABILITY = YES;
				ENABLE_USER_SCRIPT_SANDBOXING = YES;
				GCC_C_LANGUAGE_STANDARD = gnu17;
				GCC_DYNAMIC_NO_PIC = NO;
				GCC_NO_COMMON_BLOCKS = YES;
				GCC_OPTIMIZATION_LEVEL = 0;
				GCC_PREPROCESSOR_DEFINITIONS = (
					"DEBUG=1",
					"$(inherited)",
				);
				GCC_WARN_64_TO_32_BIT_CONVERSION = YES;
				GCC_WARN_ABOUT_RETURN_TYPE = YES_ERROR;
				GCC_WARN_UNDECLARED_SELECTOR = YES;
				GCC_WARN_UNINITIALIZED_AUTOS = YES_AGGRESSIVE;
				GCC_WARN_UNUSED_FUNCTION = YES;
				GCC_WARN_UNUSED_VARIABLE = YES;
				IPHONEOS_DEPLOYMENT_TARGET = 17.5;
				LOCALIZATION_PREFERS_STRING_CATALOGS = YES;
				MTL_ENABLE_DEBUG_INFO = INCLUDE_SOURCE;
				MTL_FAST_MATH = YES;
				ONLY_ACTIVE_ARCH = YES;
				SDKROOT = iphoneos;
				SWIFT_ACTIVE_COMPILATION_CONDITIONS = "DEBUG $(inherited)";
				SWIFT_OPTIMIZATION_LEVEL = "-Onone";
			};
			name = Debug;
		};
		D67F52042CC978500016D631 /* Release */ = {
			isa = XCBuildConfiguration;
			buildSettings = {
				ALWAYS_SEARCH_USER_PATHS = NO;
				ASSETCATALOG_COMPILER_GENERATE_SWIFT_ASSET_SYMBOL_EXTENSIONS = YES;
				CLANG_ANALYZER_NONNULL = YES;
				CLANG_ANALYZER_NUMBER_OBJECT_CONVERSION = YES_AGGRESSIVE;
				CLANG_CXX_LANGUAGE_STANDARD = "gnu++20";
				CLANG_ENABLE_MODULES = YES;
				CLANG_ENABLE_OBJC_ARC = YES;
				CLANG_ENABLE_OBJC_WEAK = YES;
				CLANG_WARN_BLOCK_CAPTURE_AUTORELEASING = YES;
				CLANG_WARN_BOOL_CONVERSION = YES;
				CLANG_WARN_COMMA = YES;
				CLANG_WARN_CONSTANT_CONVERSION = YES;
				CLANG_WARN_DEPRECATED_OBJC_IMPLEMENTATIONS = YES;
				CLANG_WARN_DIRECT_OBJC_ISA_USAGE = YES_ERROR;
				CLANG_WARN_DOCUMENTATION_COMMENTS = YES;
				CLANG_WARN_EMPTY_BODY = YES;
				CLANG_WARN_ENUM_CONVERSION = YES;
				CLANG_WARN_INFINITE_RECURSION = YES;
				CLANG_WARN_INT_CONVERSION = YES;
				CLANG_WARN_NON_LITERAL_NULL_CONVERSION = YES;
				CLANG_WARN_OBJC_IMPLICIT_RETAIN_SELF = YES;
				CLANG_WARN_OBJC_LITERAL_CONVERSION = YES;
				CLANG_WARN_OBJC_ROOT_CLASS = YES_ERROR;
				CLANG_WARN_QUOTED_INCLUDE_IN_FRAMEWORK_HEADER = YES;
				CLANG_WARN_RANGE_LOOP_ANALYSIS = YES;
				CLANG_WARN_STRICT_PROTOTYPES = YES;
				CLANG_WARN_SUSPICIOUS_MOVE = YES;
				CLANG_WARN_UNGUARDED_AVAILABILITY = YES_AGGRESSIVE;
				CLANG_WARN_UNREACHABLE_CODE = YES;
				CLANG_WARN__DUPLICATE_METHOD_MATCH = YES;
				COPY_PHASE_STRIP = NO;
				DEBUG_INFORMATION_FORMAT = "dwarf-with-dsym";
				ENABLE_NS_ASSERTIONS = NO;
				ENABLE_STRICT_OBJC_MSGSEND = YES;
				ENABLE_USER_SCRIPT_SANDBOXING = YES;
				GCC_C_LANGUAGE_STANDARD = gnu17;
				GCC_NO_COMMON_BLOCKS = YES;
				GCC_WARN_64_TO_32_BIT_CONVERSION = YES;
				GCC_WARN_ABOUT_RETURN_TYPE = YES_ERROR;
				GCC_WARN_UNDECLARED_SELECTOR = YES;
				GCC_WARN_UNINITIALIZED_AUTOS = YES_AGGRESSIVE;
				GCC_WARN_UNUSED_FUNCTION = YES;
				GCC_WARN_UNUSED_VARIABLE = YES;
				IPHONEOS_DEPLOYMENT_TARGET = 17.5;
				LOCALIZATION_PREFERS_STRING_CATALOGS = YES;
				MTL_ENABLE_DEBUG_INFO = NO;
				MTL_FAST_MATH = YES;
				SDKROOT = iphoneos;
				SWIFT_COMPILATION_MODE = wholemodule;
				VALIDATE_PRODUCT = YES;
			};
			name = Release;
		};
		D67F52062CC978500016D631 /* Debug */ = {
			isa = XCBuildConfiguration;
			buildSettings = {
				ASSETCATALOG_COMPILER_APPICON_NAME = AppIcon;
				ASSETCATALOG_COMPILER_GLOBAL_ACCENT_COLOR_NAME = AccentColor;
				CODE_SIGN_STYLE = Automatic;
				CURRENT_PROJECT_VERSION = 1;
				GENERATE_INFOPLIST_FILE = YES;
				INFOPLIST_FILE = QuestionBotApp/Info.plist;
				INFOPLIST_KEY_UIApplicationSupportsIndirectInputEvents = YES;
				INFOPLIST_KEY_UILaunchStoryboardName = LaunchScreen;
				INFOPLIST_KEY_UIMainStoryboardFile = Main;
				INFOPLIST_KEY_UISupportedInterfaceOrientations_iPad = "UIInterfaceOrientationPortrait UIInterfaceOrientationPortraitUpsideDown UIInterfaceOrientationLandscapeLeft UIInterfaceOrientationLandscapeRight";
				INFOPLIST_KEY_UISupportedInterfaceOrientations_iPhone = "UIInterfaceOrientationPortrait UIInterfaceOrientationLandscapeLeft UIInterfaceOrientationLandscapeRight";
				LD_RUNPATH_SEARCH_PATHS = (
					"$(inherited)",
					"@executable_path/Frameworks",
				);
				MARKETING_VERSION = 1.0;
				PRODUCT_BUNDLE_IDENTIFIER = con.example.QuestionBotApp;
				PRODUCT_NAME = "$(TARGET_NAME)";
				SWIFT_EMIT_LOC_STRINGS = YES;
				SWIFT_VERSION = 5.0;
				TARGETED_DEVICE_FAMILY = "1,2";
			};
			name = Debug;
		};
		D67F52072CC978500016D631 /* Release */ = {
			isa = XCBuildConfiguration;
			buildSettings = {
				ASSETCATALOG_COMPILER_APPICON_NAME = AppIcon;
				ASSETCATALOG_COMPILER_GLOBAL_ACCENT_COLOR_NAME = AccentColor;
				CODE_SIGN_STYLE = Automatic;
				CURRENT_PROJECT_VERSION = 1;
				GENERATE_INFOPLIST_FILE = YES;
				INFOPLIST_FILE = QuestionBotApp/Info.plist;
				INFOPLIST_KEY_UIApplicationSupportsIndirectInputEvents = YES;
				INFOPLIST_KEY_UILaunchStoryboardName = LaunchScreen;
				INFOPLIST_KEY_UIMainStoryboardFile = Main;
				INFOPLIST_KEY_UISupportedInterfaceOrientations_iPad = "UIInterfaceOrientationPortrait UIInterfaceOrientationPortraitUpsideDown UIInterfaceOrientationLandscapeLeft UIInterfaceOrientationLandscapeRight";
				INFOPLIST_KEY_UISupportedInterfaceOrientations_iPhone = "UIInterfaceOrientationPortrait UIInterfaceOrientationLandscapeLeft UIInterfaceOrientationLandscapeRight";
				LD_RUNPATH_SEARCH_PATHS = (
					"$(inherited)",
					"@executable_path/Frameworks",
				);
				MARKETING_VERSION = 1.0;
				PRODUCT_BUNDLE_IDENTIFIER = con.example.QuestionBotApp;
				PRODUCT_NAME = "$(TARGET_NAME)";
				SWIFT_EMIT_LOC_STRINGS = YES;
				SWIFT_VERSION = 5.0;
				TARGETED_DEVICE_FAMILY = "1,2";
			};
			name = Release;
		};
		D67F52092CC978500016D631 /* Debug */ = {
			isa = XCBuildConfiguration;
			buildSettings = {
				ALWAYS_EMBED_SWIFT_STANDARD_LIBRARIES = YES;
				BUNDLE_LOADER = "$(TEST_HOST)";
				CODE_SIGN_STYLE = Automatic;
				CURRENT_PROJECT_VERSION = 1;
				GENERATE_INFOPLIST_FILE = YES;
				IPHONEOS_DEPLOYMENT_TARGET = 17.5;
				MARKETING_VERSION = 1.0;
				PRODUCT_BUNDLE_IDENTIFIER = con.example.QuestionBotAppTests;
				PRODUCT_NAME = "$(TARGET_NAME)";
				SWIFT_EMIT_LOC_STRINGS = NO;
				SWIFT_VERSION = 5.0;
				TARGETED_DEVICE_FAMILY = "1,2";
				TEST_HOST = "$(BUILT_PRODUCTS_DIR)/QuestionBotApp.app/$(BUNDLE_EXECUTABLE_FOLDER_PATH)/QuestionBotApp";
			};
			name = Debug;
		};
		D67F520A2CC978500016D631 /* Release */ = {
			isa = XCBuildConfiguration;
			buildSettings = {
				ALWAYS_EMBED_SWIFT_STANDARD_LIBRARIES = YES;
				BUNDLE_LOADER = "$(TEST_HOST)";
				CODE_SIGN_STYLE = Automatic;
				CURRENT_PROJECT_VERSION = 1;
				GENERATE_INFOPLIST_FILE = YES;
				IPHONEOS_DEPLOYMENT_TARGET = 17.5;
				MARKETING_VERSION = 1.0;
				PRODUCT_BUNDLE_IDENTIFIER = con.example.QuestionBotAppTests;
				PRODUCT_NAME = "$(TARGET_NAME)";
				SWIFT_EMIT_LOC_STRINGS = NO;
				SWIFT_VERSION = 5.0;
				TARGETED_DEVICE_FAMILY = "1,2";
				TEST_HOST = "$(BUILT_PRODUCTS_DIR)/QuestionBotApp.app/$(BUNDLE_EXECUTABLE_FOLDER_PATH)/QuestionBotApp";
			};
			name = Release;
		};
		D67F520C2CC978500016D631 /* Debug */ = {
			isa = XCBuildConfiguration;
			buildSettings = {
				ALWAYS_EMBED_SWIFT_STANDARD_LIBRARIES = YES;
				CODE_SIGN_STYLE = Automatic;
				CURRENT_PROJECT_VERSION = 1;
				GENERATE_INFOPLIST_FILE = YES;
				MARKETING_VERSION = 1.0;
				PRODUCT_BUNDLE_IDENTIFIER = con.example.QuestionBotAppUITests;
				PRODUCT_NAME = "$(TARGET_NAME)";
				SWIFT_EMIT_LOC_STRINGS = NO;
				SWIFT_VERSION = 5.0;
				TARGETED_DEVICE_FAMILY = "1,2";
				TEST_TARGET_NAME = QuestionBotApp;
			};
			name = Debug;
		};
		D67F520D2CC978500016D631 /* Release */ = {
			isa = XCBuildConfiguration;
			buildSettings = {
				ALWAYS_EMBED_SWIFT_STANDARD_LIBRARIES = YES;
				CODE_SIGN_STYLE = Automatic;
				CURRENT_PROJECT_VERSION = 1;
				GENERATE_INFOPLIST_FILE = YES;
				MARKETING_VERSION = 1.0;
				PRODUCT_BUNDLE_IDENTIFIER = con.example.QuestionBotAppUITests;
				PRODUCT_NAME = "$(TARGET_NAME)";
				SWIFT_EMIT_LOC_STRINGS = NO;
				SWIFT_VERSION = 5.0;
				TARGETED_DEVICE_FAMILY = "1,2";
				TEST_TARGET_NAME = QuestionBotApp;
			};
			name = Release;
		};
/* End XCBuildConfiguration section */

/* Begin XCConfigurationList section */
		D67F51D62CC9784E0016D631 /* Build configuration list for PBXProject "QuestionBotApp" */ = {
			isa = XCConfigurationList;
			buildConfigurations = (
				D67F52032CC978500016D631 /* Debug */,
				D67F52042CC978500016D631 /* Release */,
			);
			defaultConfigurationIsVisible = 0;
			defaultConfigurationName = Release;
		};
		D67F52052CC978500016D631 /* Build configuration list for PBXNativeTarget "QuestionBotApp" */ = {
			isa = XCConfigurationList;
			buildConfigurations = (
				D67F52062CC978500016D631 /* Debug */,
				D67F52072CC978500016D631 /* Release */,
			);
			defaultConfigurationIsVisible = 0;
			defaultConfigurationName = Release;
		};
		D67F52082CC978500016D631 /* Build configuration list for PBXNativeTarget "QuestionBotAppTests" */ = {
			isa = XCConfigurationList;
			buildConfigurations = (
				D67F52092CC978500016D631 /* Debug */,
				D67F520A2CC978500016D631 /* Release */,
			);
			defaultConfigurationIsVisible = 0;
			defaultConfigurationName = Release;
		};
		D67F520B2CC978500016D631 /* Build configuration list for PBXNativeTarget "QuestionBotAppUITests" */ = {
			isa = XCConfigurationList;
			buildConfigurations = (
				D67F520C2CC978500016D631 /* Debug */,
				D67F520D2CC978500016D631 /* Release */,
			);
			defaultConfigurationIsVisible = 0;
			defaultConfigurationName = Release;
		};
/* End XCConfigurationList section */
	};
	rootObject = D67F51D32CC9784E0016D631 /* Project object */;
}
